
Microsoft Visual Studio Solution File, Format Version 12.00
# Visual Studio Version 17
VisualStudioVersion = 17.7.34024.191
MinimumVisualStudioVersion = 10.0.40219.1
Project("{FAE04EC0-301F-11D3-BF4B-00C04F79EFBC}") = "singleton_task", "singleton_task\singleton_task.csproj", "{393CF376-5417-4BD1-98F0-89B49FE27DB1}"
EndProject
Global
	GlobalSection(SolutionConfigurationPlatforms) = preSolution
		Debug|Any CPU = Debug|Any CPU
		Release|Any CPU = Release|Any CPU
	EndGlobalSection
	GlobalSection(ProjectConfigurationPlatforms) = postSolution
		{393CF376-5417-4BD1-98F0-89B49FE27DB1}.Debug|Any CPU.ActiveCfg = Debug|Any CPU
		{393CF376-5417-4BD1-98F0-89B49FE27DB1}.Debug|Any CPU.Build.0 = Debug|Any CPU
		{393CF376-5417-4BD1-98F0-89B49FE27DB1}.Release|Any CPU.ActiveCfg = Release|Any CPU
		{393CF376-5417-4BD1-98F0-89B49FE27DB1}.Release|Any CPU.Build.0 = Release|Any CPU
	EndGlobalSection
	GlobalSection(SolutionProperties) = preSolution
		HideSolutionNode = FALSE
	EndGlobalSection
	GlobalSection(ExtensibilityGlobals) = postSolution
		SolutionGuid = {4164A29E-AED6-41E9-B1BA-2157E17E5B69}
	EndGlobalSection
EndGlobal
